<?xml version="1.0" encoding="utf-8"?>
<Project ToolsVersion="4.0" xmlns="http://schemas.microsoft.com/developer/msbuild/2003">
  <ItemGroup>
    <Filter Include="Source Files">
      <UniqueIdentifier>{4FC737F1-C7A5-4376-A066-2A32D752A2FF}</UniqueIdentifier>
      <Extensions>cpp;c;cc;cxx;def;odl;idl;hpj;bat;asm;asmx</Extensions>
    </Filter>
    <Filter Include="Header Files">
      <UniqueIdentifier>{93995380-89BD-4b04-88EB-625FBE52EBFB}</UniqueIdentifier>
      <Extensions>h;hh;hpp;hxx;hm;inl;inc;xsd</Extensions>
    </Filter>
    <Filter Include="Resource Files">
      <UniqueIdentifier>{67DA6AB6-F800-4c08-8B7A-83BB121AAD01}</UniqueIdentifier>
      <Extensions>rc;ico;cur;bmp;dlg;rc2;rct;bin;rgs;gif;jpg;jpeg;jpe;resx;tiff;tif;png;wav;mfcribbon-ms</Extensions>
    </Filter>
    <Filter Include="Header Files\some_utils">
      <UniqueIdentifier>{5defdc05-992a-4b4a-bcee-96a1c7ca7cdd}</UniqueIdentifier>
    </Filter>
    <Filter Include="Source Files\some_utils">
      <UniqueIdentifier>{61201947-7997-4bde-9da3-a40ed7487bdf}</UniqueIdentifier>
    </Filter>
  </ItemGroup>
  <ItemGroup>
    <ClCompile Include="..\src\MainFile.cpp" />
    <ClCompile Include="..\src\SLIC_opencv_implemented\slic.cpp">
      <Filter>Source Files</Filter>
    </ClCompile>
    <ClCompile Include="..\src\ourConverted\calcSpatialConnections.cpp">
      <Filter>Source Files</Filter>
    </ClCompile>
    <ClCompile Include="..\src\composed_algorithm.cpp">
      <Filter>Source Files</Filter>
    </ClCompile>
    <ClCompile Include="..\src\some_utils\writeMat.hpp">
      <Filter>Header Files\some_utils</Filter>
    </ClCompile>
    <ClCompile Include="..\src\some_utils\writeMat.cpp">
      <Filter>Source Files\some_utils</Filter>
    </ClCompile>
  </ItemGroup>
  <ItemGroup>
    <ClInclude Include="..\src\app_globals.h">
      <Filter>Header Files</Filter>
    </ClInclude>
    <ClInclude Include="..\src\some_utils\test_slic.hpp">
      <Filter>Header Files\some_utils</Filter>
    </ClInclude>
    <ClInclude Include="..\src\SLIC_opencv_implemented\slic.h">
      <Filter>Header Files</Filter>
    </ClInclude>
    <ClInclude Include="..\src\composed_algorithm.hpp">
      <Filter>Header Files</Filter>
    </ClInclude>
  </ItemGroup>
</Project>